// !$*UTF8*$!
{
	archiveVersion = 1;
	classes = {
	};
	objectVersion = 52;
	objects = {

/* Begin PBXBuildFile section */
		4C7E9476276F3D0D00910C82 /* AppDelegate.swift in Sources */ = {isa = PBXBuildFile; fileRef = 4C7E9475276F3D0D00910C82 /* AppDelegate.swift */; };
		4C7E9478276F3D0D00910C82 /* ViewController.swift in Sources */ = {isa = PBXBuildFile; fileRef = 4C7E9477276F3D0D00910C82 /* ViewController.swift */; };
		4C7E947A276F3D0E00910C82 /* Assets.xcassets in Resources */ = {isa = PBXBuildFile; fileRef = 4C7E9479276F3D0E00910C82 /* Assets.xcassets */; };
		4C7E947D276F3D0E00910C82 /* Main.storyboard in Resources */ = {isa = PBXBuildFile; fileRef = 4C7E947B276F3D0E00910C82 /* Main.storyboard */; };
		4C7E9487276F3D3E00910C82 /* GlobalEventMonitor.swift in Sources */ = {isa = PBXBuildFile; fileRef = 4C7E9486276F3D3E00910C82 /* GlobalEventMonitor.swift */; };
		4C7E948A276F3D5100910C82 /* KeybindPreferences.swift in Sources */ = {isa = PBXBuildFile; fileRef = 4C7E9489276F3D5100910C82 /* KeybindPreferences.swift */; };
		4C7E948D276F3D5B00910C82 /* Storage.swift in Sources */ = {isa = PBXBuildFile; fileRef = 4C7E948C276F3D5B00910C82 /* Storage.swift */; };
		4C7E9490276F3D6400910C82 /* KeyBindings.swift in Sources */ = {isa = PBXBuildFile; fileRef = 4C7E948F276F3D6400910C82 /* KeyBindings.swift */; };
		4C7E9494276F3DB700910C82 /* LaunchAtLogin in Frameworks */ = {isa = PBXBuildFile; productRef = 4C7E9493276F3DB700910C82 /* LaunchAtLogin */; };
/* End PBXBuildFile section */

/* Begin PBXFileReference section */
		4C7E9472276F3D0D00910C82 /* sable.app */ = {isa = PBXFileReference; explicitFileType = wrapper.application; includeInIndex = 0; path = sable.app; sourceTree = BUILT_PRODUCTS_DIR; };
		4C7E9475276F3D0D00910C82 /* AppDelegate.swift */ = {isa = PBXFileReference; lastKnownFileType = sourcecode.swift; path = AppDelegate.swift; sourceTree = "<group>"; };
		4C7E9477276F3D0D00910C82 /* ViewController.swift */ = {isa = PBXFileReference; lastKnownFileType = sourcecode.swift; path = ViewController.swift; sourceTree = "<group>"; };
		4C7E9479276F3D0E00910C82 /* Assets.xcassets */ = {isa = PBXFileReference; lastKnownFileType = folder.assetcatalog; path = Assets.xcassets; sourceTree = "<group>"; };
		4C7E947C276F3D0E00910C82 /* Base */ = {isa = PBXFileReference; lastKnownFileType = file.storyboard; name = Base; path = Base.lproj/Main.storyboard; sourceTree = "<group>"; };
		4C7E947E276F3D0E00910C82 /* Info.plist */ = {isa = PBXFileReference; lastKnownFileType = text.plist.xml; path = Info.plist; sourceTree = "<group>"; };
		4C7E947F276F3D0E00910C82 /* sable.entitlements */ = {isa = PBXFileReference; lastKnownFileType = text.plist.entitlements; path = sable.entitlements; sourceTree = "<group>"; };
		4C7E9486276F3D3E00910C82 /* GlobalEventMonitor.swift */ = {isa = PBXFileReference; lastKnownFileType = sourcecode.swift; path = GlobalEventMonitor.swift; sourceTree = "<group>"; };
		4C7E9489276F3D5100910C82 /* KeybindPreferences.swift */ = {isa = PBXFileReference; lastKnownFileType = sourcecode.swift; path = KeybindPreferences.swift; sourceTree = "<group>"; };
		4C7E948C276F3D5B00910C82 /* Storage.swift */ = {isa = PBXFileReference; lastKnownFileType = sourcecode.swift; path = Storage.swift; sourceTree = "<group>"; };
		4C7E948F276F3D6400910C82 /* KeyBindings.swift */ = {isa = PBXFileReference; lastKnownFileType = sourcecode.swift; path = KeyBindings.swift; sourceTree = "<group>"; };
/* End PBXFileReference section */

/* Begin PBXFrameworksBuildPhase section */
		4C7E946F276F3D0D00910C82 /* Frameworks */ = {
			isa = PBXFrameworksBuildPhase;
			buildActionMask = 2147483647;
			files = (
				4C7E9494276F3DB700910C82 /* LaunchAtLogin in Frameworks */,
			);
			runOnlyForDeploymentPostprocessing = 0;
		};
/* End PBXFrameworksBuildPhase section */

/* Begin PBXGroup section */
		4C7E9469276F3D0C00910C82 = {
			isa = PBXGroup;
			children = (
				4C7E9474276F3D0D00910C82 /* sable */,
				4C7E9473276F3D0D00910C82 /* Products */,
			);
			sourceTree = "<group>";
		};
		4C7E9473276F3D0D00910C82 /* Products */ = {
			isa = PBXGroup;
			children = (
				4C7E9472276F3D0D00910C82 /* sable.app */,
			);
			name = Products;
			sourceTree = "<group>";
		};
		4C7E9474276F3D0D00910C82 /* sable */ = {
			isa = PBXGroup;
			children = (
				4C7E9475276F3D0D00910C82 /* AppDelegate.swift */,
				4C7E9486276F3D3E00910C82 /* GlobalEventMonitor.swift */,
				4C7E9477276F3D0D00910C82 /* ViewController.swift */,
				4C7E948C276F3D5B00910C82 /* Storage.swift */,
				4C7E948F276F3D6400910C82 /* KeyBindings.swift */,
				4C7E9489276F3D5100910C82 /* KeybindPreferences.swift */,
				4C7E9479276F3D0E00910C82 /* Assets.xcassets */,
				4C7E947B276F3D0E00910C82 /* Main.storyboard */,
				4C7E947E276F3D0E00910C82 /* Info.plist */,
				4C7E947F276F3D0E00910C82 /* sable.entitlements */,
			);
			path = sable;
			sourceTree = "<group>";
		};
/* End PBXGroup section */

/* Begin PBXNativeTarget section */
		4C7E9471276F3D0D00910C82 /* sable */ = {
			isa = PBXNativeTarget;
			buildConfigurationList = 4C7E9482276F3D0E00910C82 /* Build configuration list for PBXNativeTarget "sable" */;
			buildPhases = (
				4C7E946E276F3D0D00910C82 /* Sources */,
				4C7E946F276F3D0D00910C82 /* Frameworks */,
				4C7E9470276F3D0D00910C82 /* Resources */,
				4C7E9496276F3DC300910C82 /* Launch at Login Helper Run Script */,
			);
			buildRules = (
			);
			dependencies = (
			);
			name = sable;
			packageProductDependencies = (
				4C7E9493276F3DB700910C82 /* LaunchAtLogin */,
			);
			productName = sable;
			productReference = 4C7E9472276F3D0D00910C82 /* sable.app */;
			productType = "com.apple.product-type.application";
		};
/* End PBXNativeTarget section */

/* Begin PBXProject section */
		4C7E946A276F3D0C00910C82 /* Project object */ = {
			isa = PBXProject;
			attributes = {
				LastSwiftUpdateCheck = 1240;
				LastUpgradeCheck = 1240;
				TargetAttributes = {
					4C7E9471276F3D0D00910C82 = {
						CreatedOnToolsVersion = 12.4;
					};
				};
			};
			buildConfigurationList = 4C7E946D276F3D0C00910C82 /* Build configuration list for PBXProject "sable" */;
			compatibilityVersion = "Xcode 9.3";
			developmentRegion = en;
			hasScannedForEncodings = 0;
			knownRegions = (
				en,
				Base,
			);
			mainGroup = 4C7E9469276F3D0C00910C82;
			packageReferences = (
				4C7E9492276F3DB700910C82 /* XCRemoteSwiftPackageReference "LaunchAtLogin" */,
			);
			productRefGroup = 4C7E9473276F3D0D00910C82 /* Products */;
			projectDirPath = "";
			projectRoot = "";
			targets = (
				4C7E9471276F3D0D00910C82 /* sable */,
			);
		};
/* End PBXProject section */

/* Begin PBXResourcesBuildPhase section */
		4C7E9470276F3D0D00910C82 /* Resources */ = {
			isa = PBXResourcesBuildPhase;
			buildActionMask = 2147483647;
			files = (
				4C7E947A276F3D0E00910C82 /* Assets.xcassets in Resources */,
				4C7E947D276F3D0E00910C82 /* Main.storyboard in Resources */,
			);
			runOnlyForDeploymentPostprocessing = 0;
		};
/* End PBXResourcesBuildPhase section */

/* Begin PBXShellScriptBuildPhase section */
		4C7E9496276F3DC300910C82 /* Launch at Login Helper Run Script */ = {
			isa = PBXShellScriptBuildPhase;
			buildActionMask = 2147483647;
			files = (
			);
			inputFileListPaths = (
			);
			inputPaths = (
			);
			name = "Launch at Login Helper Run Script";
			outputFileListPaths = (
			);
			outputPaths = (
			);
			runOnlyForDeploymentPostprocessing = 0;
			shellPath = /bin/sh;
			shellScript = "# Type a script or drag a script file from your workspace to insert its path.\n\"${BUILT_PRODUCTS_DIR}/LaunchAtLogin_LaunchAtLogin.bundle/Contents/Resources/copy-helper-swiftpm.sh\"\n";
		};
/* End PBXShellScriptBuildPhase section */

/* Begin PBXSourcesBuildPhase section */
		4C7E946E276F3D0D00910C82 /* Sources */ = {
			isa = PBXSourcesBuildPhase;
			buildActionMask = 2147483647;
			files = (
				4C7E9478276F3D0D00910C82 /* ViewController.swift in Sources */,
				4C7E9476276F3D0D00910C82 /* AppDelegate.swift in Sources */,
				4C7E9487276F3D3E00910C82 /* GlobalEventMonitor.swift in Sources */,
				4C7E9490276F3D6400910C82 /* KeyBindings.swift in Sources */,
				4C7E948A276F3D5100910C82 /* KeybindPreferences.swift in Sources */,
				4C7E948D276F3D5B00910C82 /* Storage.swift in Sources */,
			);
			runOnlyForDeploymentPostprocessing = 0;
		};
/* End PBXSourcesBuildPhase section */

/* Begin PBXVariantGroup section */
		4C7E947B276F3D0E00910C82 /* Main.storyboard */ = {
			isa = PBXVariantGroup;
			children = (
				4C7E947C276F3D0E00910C82 /* Base */,
			);
			name = Main.storyboard;
			sourceTree = "<group>";
		};
/* End PBXVariantGroup section */

/* Begin XCBuildConfiguration section */
		4C7E9480276F3D0E00910C82 /* Debug */ = {
			isa = XCBuildConfiguration;
			buildSettings = {
				ALWAYS_SEARCH_USER_PATHS = NO;
				CLANG_ANALYZER_NONNULL = YES;
				CLANG_ANALYZER_NUMBER_OBJECT_CONVERSION = YES_AGGRESSIVE;
				CLANG_CXX_LANGUAGE_STANDARD = "gnu++14";
				CLANG_CXX_LIBRARY = "libc++";
				CLANG_ENABLE_MODULES = YES;
				CLANG_ENABLE_OBJC_ARC = YES;
				CLANG_ENABLE_OBJC_WEAK = YES;
				CLANG_WARN_BLOCK_CAPTURE_AUTORELEASING = YES;
				CLANG_WARN_BOOL_CONVERSION = YES;
				CLANG_WARN_COMMA = YES;
				CLANG_WARN_CONSTANT_CONVERSION = YES;
				CLANG_WARN_DEPRECATED_OBJC_IMPLEMENTATIONS = YES;
				CLANG_WARN_DIRECT_OBJC_ISA_USAGE = YES_ERROR;
				CLANG_WARN_DOCUMENTATION_COMMENTS = YES;
				CLANG_WARN_EMPTY_BODY = YES;
				CLANG_WARN_ENUM_CONVERSION = YES;
				CLANG_WARN_INFINITE_RECURSION = YES;
				CLANG_WARN_INT_CONVERSION = YES;
				CLANG_WARN_NON_LITERAL_NULL_CONVERSION = YES;
				CLANG_WARN_OBJC_IMPLICIT_RETAIN_SELF = YES;
				CLANG_WARN_OBJC_LITERAL_CONVERSION = YES;
				CLANG_WARN_OBJC_ROOT_CLASS = YES_ERROR;
				CLANG_WARN_QUOTED_INCLUDE_IN_FRAMEWORK_HEADER = YES;
				CLANG_WARN_RANGE_LOOP_ANALYSIS = YES;
				CLANG_WARN_STRICT_PROTOTYPES = YES;
				CLANG_WARN_SUSPICIOUS_MOVE = YES;
				CLANG_WARN_UNGUARDED_AVAILABILITY = YES_AGGRESSIVE;
				CLANG_WARN_UNREACHABLE_CODE = YES;
				CLANG_WARN__DUPLICATE_METHOD_MATCH = YES;
				COPY_PHASE_STRIP = NO;
				DEBUG_INFORMATION_FORMAT = dwarf;
				ENABLE_STRICT_OBJC_MSGSEND = YES;
				ENABLE_TESTABILITY = YES;
				GCC_C_LANGUAGE_STANDARD = gnu11;
				GCC_DYNAMIC_NO_PIC = NO;
				GCC_NO_COMMON_BLOCKS = YES;
				GCC_OPTIMIZATION_LEVEL = 0;
				GCC_PREPROCESSOR_DEFINITIONS = (
					"DEBUG=1",
					"$(inherited)",
				);
				GCC_WARN_64_TO_32_BIT_CONVERSION = YES;
				GCC_WARN_ABOUT_RETURN_TYPE = YES_ERROR;
				GCC_WARN_UNDECLARED_SELECTOR = YES;
				GCC_WARN_UNINITIALIZED_AUTOS = YES_AGGRESSIVE;
				GCC_WARN_UNUSED_FUNCTION = YES;
				GCC_WARN_UNUSED_VARIABLE = YES;
				MACOSX_DEPLOYMENT_TARGET = 10.15;
				MTL_ENABLE_DEBUG_INFO = INCLUDE_SOURCE;
				MTL_FAST_MATH = YES;
				ONLY_ACTIVE_ARCH = YES;
				SDKROOT = macosx;
				SWIFT_ACTIVE_COMPILATION_CONDITIONS = DEBUG;
				SWIFT_OPTIMIZATION_LEVEL = "-Onone";
			};
			name = Debug;
		};
		4C7E9481276F3D0E00910C82 /* Release */ = {
			isa = XCBuildConfiguration;
			buildSettings = {
				ALWAYS_SEARCH_USER_PATHS = NO;
				CLANG_ANALYZER_NONNULL = YES;
				CLANG_ANALYZER_NUMBER_OBJECT_CONVERSION = YES_AGGRESSIVE;
				CLANG_CXX_LANGUAGE_STANDARD = "gnu++14";
				CLANG_CXX_LIBRARY = "libc++";
				CLANG_ENABLE_MODULES = YES;
				CLANG_ENABLE_OBJC_ARC = YES;
				CLANG_ENABLE_OBJC_WEAK = YES;
				CLANG_WARN_BLOCK_CAPTURE_AUTORELEASING = YES;
				CLANG_WARN_BOOL_CONVERSION = YES;
				CLANG_WARN_COMMA = YES;
				CLANG_WARN_CONSTANT_CONVERSION = YES;
				CLANG_WARN_DEPRECATED_OBJC_IMPLEMENTATIONS = YES;
				CLANG_WARN_DIRECT_OBJC_ISA_USAGE = YES_ERROR;
				CLANG_WARN_DOCUMENTATION_COMMENTS = YES;
				CLANG_WARN_EMPTY_BODY = YES;
				CLANG_WARN_ENUM_CONVERSION = YES;
				CLANG_WARN_INFINITE_RECURSION = YES;
				CLANG_WARN_INT_CONVERSION = YES;
				CLANG_WARN_NON_LITERAL_NULL_CONVERSION = YES;
				CLANG_WARN_OBJC_IMPLICIT_RETAIN_SELF = YES;
				CLANG_WARN_OBJC_LITERAL_CONVERSION = YES;
				CLANG_WARN_OBJC_ROOT_CLASS = YES_ERROR;
				CLANG_WARN_QUOTED_INCLUDE_IN_FRAMEWORK_HEADER = YES;
				CLANG_WARN_RANGE_LOOP_ANALYSIS = YES;
				CLANG_WARN_STRICT_PROTOTYPES = YES;
				CLANG_WARN_SUSPICIOUS_MOVE = YES;
				CLANG_WARN_UNGUARDED_AVAILABILITY = YES_AGGRESSIVE;
				CLANG_WARN_UNREACHABLE_CODE = YES;
				CLANG_WARN__DUPLICATE_METHOD_MATCH = YES;
				COPY_PHASE_STRIP = NO;
				DEBUG_INFORMATION_FORMAT = "dwarf-with-dsym";
				ENABLE_NS_ASSERTIONS = NO;
				ENABLE_STRICT_OBJC_MSGSEND = YES;
				GCC_C_LANGUAGE_STANDARD = gnu11;
				GCC_NO_COMMON_BLOCKS = YES;
				GCC_WARN_64_TO_32_BIT_CONVERSION = YES;
				GCC_WARN_ABOUT_RETURN_TYPE = YES_ERROR;
				GCC_WARN_UNDECLARED_SELECTOR = YES;
				GCC_WARN_UNINITIALIZED_AUTOS = YES_AGGRESSIVE;
				GCC_WARN_UNUSED_FUNCTION = YES;
				GCC_WARN_UNUSED_VARIABLE = YES;
				MACOSX_DEPLOYMENT_TARGET = 10.15;
				MTL_ENABLE_DEBUG_INFO = NO;
				MTL_FAST_MATH = YES;
				SDKROOT = macosx;
				SWIFT_COMPILATION_MODE = wholemodule;
				SWIFT_OPTIMIZATION_LEVEL = "-O";
			};
			name = Release;
		};
		4C7E9483276F3D0E00910C82 /* Debug */ = {
			isa = XCBuildConfiguration;
			buildSettings = {
				ASSETCATALOG_COMPILER_APPICON_NAME = AppIcon;
				ASSETCATALOG_COMPILER_GLOBAL_ACCENT_COLOR_NAME = AccentColor;
				CODE_SIGN_ENTITLEMENTS = sable/sable.entitlements;
				CODE_SIGN_STYLE = Automatic;
				COMBINE_HIDPI_IMAGES = YES;
				INFOPLIST_FILE = sable/Info.plist;
				LD_RUNPATH_SEARCH_PATHS = (
					"$(inherited)",
					"@executable_path/../Frameworks",
				);
				PRODUCT_BUNDLE_IDENTIFIER = jueon.sable;
				PRODUCT_NAME = "$(TARGET_NAME)";
				SWIFT_VERSION = 5.0;
			};
			name = Debug;
		};
		4C7E9484276F3D0E00910C82 /* Release */ = {
			isa = XCBuildConfiguration;
			buildSettings = {
				ASSETCATALOG_COMPILER_APPICON_NAME = AppIcon;
				ASSETCATALOG_COMPILER_GLOBAL_ACCENT_COLOR_NAME = AccentColor;
				CODE_SIGN_ENTITLEMENTS = sable/sable.entitlements;
				CODE_SIGN_STYLE = Automatic;
				COMBINE_HIDPI_IMAGES = YES;
				INFOPLIST_FILE = sable/Info.plist;
				LD_RUNPATH_SEARCH_PATHS = (
					"$(inherited)",
					"@executable_path/../Frameworks",
				);
				PRODUCT_BUNDLE_IDENTIFIER = jueon.sable;
				PRODUCT_NAME = "$(TARGET_NAME)";
				SWIFT_VERSION = 5.0;
			};
			name = Release;
		};
/* End XCBuildConfiguration section */

/* Begin XCConfigurationList section */
		4C7E946D276F3D0C00910C82 /* Build configuration list for PBXProject "sable" */ = {
			isa = XCConfigurationList;
			buildConfigurations = (
				4C7E9480276F3D0E00910C82 /* Debug */,
				4C7E9481276F3D0E00910C82 /* Release */,
			);
			defaultConfigurationIsVisible = 0;
			defaultConfigurationName = Release;
		};
		4C7E9482276F3D0E00910C82 /* Build configuration list for PBXNativeTarget "sable" */ = {
			isa = XCConfigurationList;
			buildConfigurations = (
				4C7E9483276F3D0E00910C82 /* Debug */,
				4C7E9484276F3D0E00910C82 /* Release */,
			);
			defaultConfigurationIsVisible = 0;
			defaultConfigurationName = Release;
		};
/* End XCConfigurationList section */

/* Begin XCRemoteSwiftPackageReference section */
		4C7E9492276F3DB700910C82 /* XCRemoteSwiftPackageReference "LaunchAtLogin" */ = {
			isa = XCRemoteSwiftPackageReference;
			repositoryURL = "https://github.com/sindresorhus/LaunchAtLogin";
			requirement = {
				kind = upToNextMajorVersion;
				minimumVersion = 4.2.0;
			};
		};
/* End XCRemoteSwiftPackageReference section */

/* Begin XCSwiftPackageProductDependency section */
		4C7E9493276F3DB700910C82 /* LaunchAtLogin */ = {
			isa = XCSwiftPackageProductDependency;
			package = 4C7E9492276F3DB700910C82 /* XCRemoteSwiftPackageReference "LaunchAtLogin" */;
			productName = LaunchAtLogin;
		};
/* End XCSwiftPackageProductDependency section */
	};
	rootObject = 4C7E946A276F3D0C00910C82 /* Project object */;
}
