// !$*UTF8*$!
{
	archiveVersion = 1;
	classes = {
	};
	objectVersion = 50;
	objects = {

/* Begin PBXBuildFile section */
		4C3EBD0425A589C00004CAA7 /* AppDelegate.swift in Sources */ = {isa = PBXBuildFile; fileRef = 4C3EBD0325A589C00004CAA7 /* AppDelegate.swift */; };
		4C3EBD0625A589C00004CAA7 /* ViewController.swift in Sources */ = {isa = PBXBuildFile; fileRef = 4C3EBD0525A589C00004CAA7 /* ViewController.swift */; };
		4C3EBD0825A589C40004CAA7 /* Assets.xcassets in Resources */ = {isa = PBXBuildFile; fileRef = 4C3EBD0725A589C40004CAA7 /* Assets.xcassets */; };
		4C3EBD0B25A589C40004CAA7 /* Main.storyboard in Resources */ = {isa = PBXBuildFile; fileRef = 4C3EBD0925A589C40004CAA7 /* Main.storyboard */; };
		4CD370B125AC1F5400AAD846 /* GlobalEventMonitor.swift in Sources */ = {isa = PBXBuildFile; fileRef = 4CD370B025AC1F5400AAD846 /* GlobalEventMonitor.swift */; };
		4CEE609925AD97CC009A7306 /* Storage.swift in Sources */ = {isa = PBXBuildFile; fileRef = 4CEE609825AD97CC009A7306 /* Storage.swift */; };
		4CEE609B25AD9F64009A7306 /* KeybindPreferences.swift in Sources */ = {isa = PBXBuildFile; fileRef = 4CEE609A25AD9F64009A7306 /* KeybindPreferences.swift */; };
		4CF4ECB325A8671C006BB95B /* KeyBindings.swift in Sources */ = {isa = PBXBuildFile; fileRef = 4CF4ECB225A8671C006BB95B /* KeyBindings.swift */; };
/* End PBXBuildFile section */

/* Begin PBXFileReference section */
		4C3EBD0025A589BF0004CAA7 /* sable.app */ = {isa = PBXFileReference; explicitFileType = wrapper.application; includeInIndex = 0; path = sable.app; sourceTree = BUILT_PRODUCTS_DIR; };
		4C3EBD0325A589C00004CAA7 /* AppDelegate.swift */ = {isa = PBXFileReference; lastKnownFileType = sourcecode.swift; path = AppDelegate.swift; sourceTree = "<group>"; };
		4C3EBD0525A589C00004CAA7 /* ViewController.swift */ = {isa = PBXFileReference; lastKnownFileType = sourcecode.swift; path = ViewController.swift; sourceTree = "<group>"; };
		4C3EBD0725A589C40004CAA7 /* Assets.xcassets */ = {isa = PBXFileReference; lastKnownFileType = folder.assetcatalog; path = Assets.xcassets; sourceTree = "<group>"; };
		4C3EBD0A25A589C40004CAA7 /* Base */ = {isa = PBXFileReference; lastKnownFileType = file.storyboard; name = Base; path = Base.lproj/Main.storyboard; sourceTree = "<group>"; };
		4C3EBD0C25A589C40004CAA7 /* Info.plist */ = {isa = PBXFileReference; lastKnownFileType = text.plist.xml; path = Info.plist; sourceTree = "<group>"; };
		4C3EBD0D25A589C40004CAA7 /* sable.entitlements */ = {isa = PBXFileReference; lastKnownFileType = text.plist.entitlements; path = sable.entitlements; sourceTree = "<group>"; };
		4CD370B025AC1F5400AAD846 /* GlobalEventMonitor.swift */ = {isa = PBXFileReference; lastKnownFileType = sourcecode.swift; path = GlobalEventMonitor.swift; sourceTree = "<group>"; };
		4CEE609825AD97CC009A7306 /* Storage.swift */ = {isa = PBXFileReference; lastKnownFileType = sourcecode.swift; path = Storage.swift; sourceTree = "<group>"; };
		4CEE609A25AD9F64009A7306 /* KeybindPreferences.swift */ = {isa = PBXFileReference; lastKnownFileType = sourcecode.swift; path = KeybindPreferences.swift; sourceTree = "<group>"; };
		4CF4ECB225A8671C006BB95B /* KeyBindings.swift */ = {isa = PBXFileReference; lastKnownFileType = sourcecode.swift; path = KeyBindings.swift; sourceTree = "<group>"; };
/* End PBXFileReference section */

/* Begin PBXFrameworksBuildPhase section */
		4C3EBCFD25A589BF0004CAA7 /* Frameworks */ = {
			isa = PBXFrameworksBuildPhase;
			buildActionMask = 2147483647;
			files = (
			);
			runOnlyForDeploymentPostprocessing = 0;
		};
/* End PBXFrameworksBuildPhase section */

/* Begin PBXGroup section */
		4C3EBCF725A589BF0004CAA7 = {
			isa = PBXGroup;
			children = (
				4C3EBD0225A589BF0004CAA7 /* sable */,
				4C3EBD0125A589BF0004CAA7 /* Products */,
			);
			sourceTree = "<group>";
		};
		4C3EBD0125A589BF0004CAA7 /* Products */ = {
			isa = PBXGroup;
			children = (
				4C3EBD0025A589BF0004CAA7 /* sable.app */,
			);
			name = Products;
			sourceTree = "<group>";
		};
		4C3EBD0225A589BF0004CAA7 /* sable */ = {
			isa = PBXGroup;
			children = (
				4C3EBD0325A589C00004CAA7 /* AppDelegate.swift */,
				4CD370B025AC1F5400AAD846 /* GlobalEventMonitor.swift */,
				4C3EBD0525A589C00004CAA7 /* ViewController.swift */,
				4CEE609A25AD9F64009A7306 /* KeybindPreferences.swift */,
				4CEE609825AD97CC009A7306 /* Storage.swift */,
				4CF4ECB225A8671C006BB95B /* KeyBindings.swift */,
				4C3EBD0725A589C40004CAA7 /* Assets.xcassets */,
				4C3EBD0925A589C40004CAA7 /* Main.storyboard */,
				4C3EBD0C25A589C40004CAA7 /* Info.plist */,
				4C3EBD0D25A589C40004CAA7 /* sable.entitlements */,
			);
			path = sable;
			sourceTree = "<group>";
		};
/* End PBXGroup section */

/* Begin PBXNativeTarget section */
		4C3EBCFF25A589BF0004CAA7 /* sable */ = {
			isa = PBXNativeTarget;
			buildConfigurationList = 4C3EBD1025A589C40004CAA7 /* Build configuration list for PBXNativeTarget "sable" */;
			buildPhases = (
				4C3EBCFC25A589BF0004CAA7 /* Sources */,
				4C3EBCFD25A589BF0004CAA7 /* Frameworks */,
				4C3EBCFE25A589BF0004CAA7 /* Resources */,
			);
			buildRules = (
			);
			dependencies = (
			);
			name = sable;
			productName = sable;
			productReference = 4C3EBD0025A589BF0004CAA7 /* sable.app */;
			productType = "com.apple.product-type.application";
		};
/* End PBXNativeTarget section */

/* Begin PBXProject section */
		4C3EBCF825A589BF0004CAA7 /* Project object */ = {
			isa = PBXProject;
			attributes = {
				LastSwiftUpdateCheck = 1030;
				LastUpgradeCheck = 1030;
				ORGANIZATIONNAME = jueon;
				TargetAttributes = {
					4C3EBCFF25A589BF0004CAA7 = {
						CreatedOnToolsVersion = 10.3;
					};
				};
			};
			buildConfigurationList = 4C3EBCFB25A589BF0004CAA7 /* Build configuration list for PBXProject "sable" */;
			compatibilityVersion = "Xcode 9.3";
			developmentRegion = en;
			hasScannedForEncodings = 0;
			knownRegions = (
				en,
				Base,
			);
			mainGroup = 4C3EBCF725A589BF0004CAA7;
			productRefGroup = 4C3EBD0125A589BF0004CAA7 /* Products */;
			projectDirPath = "";
			projectRoot = "";
			targets = (
				4C3EBCFF25A589BF0004CAA7 /* sable */,
			);
		};
/* End PBXProject section */

/* Begin PBXResourcesBuildPhase section */
		4C3EBCFE25A589BF0004CAA7 /* Resources */ = {
			isa = PBXResourcesBuildPhase;
			buildActionMask = 2147483647;
			files = (
				4C3EBD0825A589C40004CAA7 /* Assets.xcassets in Resources */,
				4C3EBD0B25A589C40004CAA7 /* Main.storyboard in Resources */,
			);
			runOnlyForDeploymentPostprocessing = 0;
		};
/* End PBXResourcesBuildPhase section */

/* Begin PBXSourcesBuildPhase section */
		4C3EBCFC25A589BF0004CAA7 /* Sources */ = {
			isa = PBXSourcesBuildPhase;
			buildActionMask = 2147483647;
			files = (
				4CF4ECB325A8671C006BB95B /* KeyBindings.swift in Sources */,
				4C3EBD0625A589C00004CAA7 /* ViewController.swift in Sources */,
				4CD370B125AC1F5400AAD846 /* GlobalEventMonitor.swift in Sources */,
				4C3EBD0425A589C00004CAA7 /* AppDelegate.swift in Sources */,
				4CEE609925AD97CC009A7306 /* Storage.swift in Sources */,
				4CEE609B25AD9F64009A7306 /* KeybindPreferences.swift in Sources */,
			);
			runOnlyForDeploymentPostprocessing = 0;
		};
/* End PBXSourcesBuildPhase section */

/* Begin PBXVariantGroup section */
		4C3EBD0925A589C40004CAA7 /* Main.storyboard */ = {
			isa = PBXVariantGroup;
			children = (
				4C3EBD0A25A589C40004CAA7 /* Base */,
			);
			name = Main.storyboard;
			sourceTree = "<group>";
		};
/* End PBXVariantGroup section */

/* Begin XCBuildConfiguration section */
		4C3EBD0E25A589C40004CAA7 /* Debug */ = {
			isa = XCBuildConfiguration;
			buildSettings = {
				ALWAYS_SEARCH_USER_PATHS = NO;
				CLANG_ANALYZER_NONNULL = YES;
				CLANG_ANALYZER_NUMBER_OBJECT_CONVERSION = YES_AGGRESSIVE;
				CLANG_CXX_LANGUAGE_STANDARD = "gnu++14";
				CLANG_CXX_LIBRARY = "libc++";
				CLANG_ENABLE_MODULES = YES;
				CLANG_ENABLE_OBJC_ARC = YES;
				CLANG_ENABLE_OBJC_WEAK = YES;
				CLANG_WARN_BLOCK_CAPTURE_AUTORELEASING = YES;
				CLANG_WARN_BOOL_CONVERSION = YES;
				CLANG_WARN_COMMA = YES;
				CLANG_WARN_CONSTANT_CONVERSION = YES;
				CLANG_WARN_DEPRECATED_OBJC_IMPLEMENTATIONS = YES;
				CLANG_WARN_DIRECT_OBJC_ISA_USAGE = YES_ERROR;
				CLANG_WARN_DOCUMENTATION_COMMENTS = YES;
				CLANG_WARN_EMPTY_BODY = YES;
				CLANG_WARN_ENUM_CONVERSION = YES;
				CLANG_WARN_INFINITE_RECURSION = YES;
				CLANG_WARN_INT_CONVERSION = YES;
				CLANG_WARN_NON_LITERAL_NULL_CONVERSION = YES;
				CLANG_WARN_OBJC_IMPLICIT_RETAIN_SELF = YES;
				CLANG_WARN_OBJC_LITERAL_CONVERSION = YES;
				CLANG_WARN_OBJC_ROOT_CLASS = YES_ERROR;
				CLANG_WARN_RANGE_LOOP_ANALYSIS = YES;
				CLANG_WARN_STRICT_PROTOTYPES = YES;
				CLANG_WARN_SUSPICIOUS_MOVE = YES;
				CLANG_WARN_UNGUARDED_AVAILABILITY = YES_AGGRESSIVE;
				CLANG_WARN_UNREACHABLE_CODE = YES;
				CLANG_WARN__DUPLICATE_METHOD_MATCH = YES;
				CODE_SIGN_IDENTITY = "-";
				COPY_PHASE_STRIP = NO;
				DEBUG_INFORMATION_FORMAT = dwarf;
				ENABLE_STRICT_OBJC_MSGSEND = YES;
				ENABLE_TESTABILITY = YES;
				GCC_C_LANGUAGE_STANDARD = gnu11;
				GCC_DYNAMIC_NO_PIC = NO;
				GCC_NO_COMMON_BLOCKS = YES;
				GCC_OPTIMIZATION_LEVEL = 0;
				GCC_PREPROCESSOR_DEFINITIONS = (
					"DEBUG=1",
					"$(inherited)",
				);
				GCC_WARN_64_TO_32_BIT_CONVERSION = YES;
				GCC_WARN_ABOUT_RETURN_TYPE = YES_ERROR;
				GCC_WARN_UNDECLARED_SELECTOR = YES;
				GCC_WARN_UNINITIALIZED_AUTOS = YES_AGGRESSIVE;
				GCC_WARN_UNUSED_FUNCTION = YES;
				GCC_WARN_UNUSED_VARIABLE = YES;
				MACOSX_DEPLOYMENT_TARGET = 10.15;
				MTL_ENABLE_DEBUG_INFO = INCLUDE_SOURCE;
				MTL_FAST_MATH = YES;
				ONLY_ACTIVE_ARCH = YES;
				SDKROOT = macosx;
				SWIFT_ACTIVE_COMPILATION_CONDITIONS = DEBUG;
				SWIFT_OPTIMIZATION_LEVEL = "-Onone";
			};
			name = Debug;
		};
		4C3EBD0F25A589C40004CAA7 /* Release */ = {
			isa = XCBuildConfiguration;
			buildSettings = {
				ALWAYS_SEARCH_USER_PATHS = NO;
				CLANG_ANALYZER_NONNULL = YES;
				CLANG_ANALYZER_NUMBER_OBJECT_CONVERSION = YES_AGGRESSIVE;
				CLANG_CXX_LANGUAGE_STANDARD = "gnu++14";
				CLANG_CXX_LIBRARY = "libc++";
				CLANG_ENABLE_MODULES = YES;
				CLANG_ENABLE_OBJC_ARC = YES;
				CLANG_ENABLE_OBJC_WEAK = YES;
				CLANG_WARN_BLOCK_CAPTURE_AUTORELEASING = YES;
				CLANG_WARN_BOOL_CONVERSION = YES;
				CLANG_WARN_COMMA = YES;
				CLANG_WARN_CONSTANT_CONVERSION = YES;
				CLANG_WARN_DEPRECATED_OBJC_IMPLEMENTATIONS = YES;
				CLANG_WARN_DIRECT_OBJC_ISA_USAGE = YES_ERROR;
				CLANG_WARN_DOCUMENTATION_COMMENTS = YES;
				CLANG_WARN_EMPTY_BODY = YES;
				CLANG_WARN_ENUM_CONVERSION = YES;
				CLANG_WARN_INFINITE_RECURSION = YES;
				CLANG_WARN_INT_CONVERSION = YES;
				CLANG_WARN_NON_LITERAL_NULL_CONVERSION = YES;
				CLANG_WARN_OBJC_IMPLICIT_RETAIN_SELF = YES;
				CLANG_WARN_OBJC_LITERAL_CONVERSION = YES;
				CLANG_WARN_OBJC_ROOT_CLASS = YES_ERROR;
				CLANG_WARN_RANGE_LOOP_ANALYSIS = YES;
				CLANG_WARN_STRICT_PROTOTYPES = YES;
				CLANG_WARN_SUSPICIOUS_MOVE = YES;
				CLANG_WARN_UNGUARDED_AVAILABILITY = YES_AGGRESSIVE;
				CLANG_WARN_UNREACHABLE_CODE = YES;
				CLANG_WARN__DUPLICATE_METHOD_MATCH = YES;
				CODE_SIGN_IDENTITY = "-";
				COPY_PHASE_STRIP = NO;
				DEBUG_INFORMATION_FORMAT = "dwarf-with-dsym";
				ENABLE_NS_ASSERTIONS = NO;
				ENABLE_STRICT_OBJC_MSGSEND = YES;
				GCC_C_LANGUAGE_STANDARD = gnu11;
				GCC_NO_COMMON_BLOCKS = YES;
				GCC_WARN_64_TO_32_BIT_CONVERSION = YES;
				GCC_WARN_ABOUT_RETURN_TYPE = YES_ERROR;
				GCC_WARN_UNDECLARED_SELECTOR = YES;
				GCC_WARN_UNINITIALIZED_AUTOS = YES_AGGRESSIVE;
				GCC_WARN_UNUSED_FUNCTION = YES;
				GCC_WARN_UNUSED_VARIABLE = YES;
				MACOSX_DEPLOYMENT_TARGET = 10.15;
				MTL_ENABLE_DEBUG_INFO = NO;
				MTL_FAST_MATH = YES;
				SDKROOT = macosx;
				SWIFT_COMPILATION_MODE = wholemodule;
				SWIFT_OPTIMIZATION_LEVEL = "-O";
			};
			name = Release;
		};
		4C3EBD1125A589C40004CAA7 /* Debug */ = {
			isa = XCBuildConfiguration;
			buildSettings = {
				ASSETCATALOG_COMPILER_APPICON_NAME = AppIcon;
				CODE_SIGN_ENTITLEMENTS = sable/sable.entitlements;
				CODE_SIGN_STYLE = Automatic;
				COMBINE_HIDPI_IMAGES = YES;
				INFOPLIST_FILE = sable/Info.plist;
				LD_RUNPATH_SEARCH_PATHS = (
					"$(inherited)",
					"@executable_path/../Frameworks",
				);
				MACOSX_DEPLOYMENT_TARGET = 10.14;
				PRODUCT_BUNDLE_IDENTIFIER = orslow.sable;
				PRODUCT_NAME = "$(TARGET_NAME)";
				SWIFT_VERSION = 5.0;
			};
			name = Debug;
		};
		4C3EBD1225A589C40004CAA7 /* Release */ = {
			isa = XCBuildConfiguration;
			buildSettings = {
				ASSETCATALOG_COMPILER_APPICON_NAME = AppIcon;
				CODE_SIGN_ENTITLEMENTS = sable/sable.entitlements;
				CODE_SIGN_STYLE = Automatic;
				COMBINE_HIDPI_IMAGES = YES;
				INFOPLIST_FILE = sable/Info.plist;
				LD_RUNPATH_SEARCH_PATHS = (
					"$(inherited)",
					"@executable_path/../Frameworks",
				);
				MACOSX_DEPLOYMENT_TARGET = 10.14;
				PRODUCT_BUNDLE_IDENTIFIER = orslow.sable;
				PRODUCT_NAME = "$(TARGET_NAME)";
				SWIFT_VERSION = 5.0;
			};
			name = Release;
		};
/* End XCBuildConfiguration section */

/* Begin XCConfigurationList section */
		4C3EBCFB25A589BF0004CAA7 /* Build configuration list for PBXProject "sable" */ = {
			isa = XCConfigurationList;
			buildConfigurations = (
				4C3EBD0E25A589C40004CAA7 /* Debug */,
				4C3EBD0F25A589C40004CAA7 /* Release */,
			);
			defaultConfigurationIsVisible = 0;
			defaultConfigurationName = Release;
		};
		4C3EBD1025A589C40004CAA7 /* Build configuration list for PBXNativeTarget "sable" */ = {
			isa = XCConfigurationList;
			buildConfigurations = (
				4C3EBD1125A589C40004CAA7 /* Debug */,
				4C3EBD1225A589C40004CAA7 /* Release */,
			);
			defaultConfigurationIsVisible = 0;
			defaultConfigurationName = Release;
		};
/* End XCConfigurationList section */
	};
	rootObject = 4C3EBCF825A589BF0004CAA7 /* Project object */;
}
